
Microsoft Visual Studio Solution File, Format Version 12.00
# Visual Studio Version 16
VisualStudioVersion = 16.0.30320.27
MinimumVisualStudioVersion = 10.0.40219.1
Project("{8BC9CEB8-8B4A-11D0-8D11-00A0C91BC942}") = "gittestt", "gittestt.vcxproj", "{A95DC176-01EF-49D2-8108-BA3DFE6AE3B7}"
EndProject
Global
	GlobalSection(SolutionConfigurationPlatforms) = preSolution
		Debug|x64 = Debug|x64
		Debug|x86 = Debug|x86
		Release|x64 = Release|x64
		Release|x86 = Release|x86
	EndGlobalSection
	GlobalSection(ProjectConfigurationPlatforms) = postSolution
		{A95DC176-01EF-49D2-8108-BA3DFE6AE3B7}.Debug|x64.ActiveCfg = Debug|x64
		{A95DC176-01EF-49D2-8108-BA3DFE6AE3B7}.Debug|x64.Build.0 = Debug|x64
		{A95DC176-01EF-49D2-8108-BA3DFE6AE3B7}.Debug|x86.ActiveCfg = Debug|Win32
		{A95DC176-01EF-49D2-8108-BA3DFE6AE3B7}.Debug|x86.Build.0 = Debug|Win32
		{A95DC176-01EF-49D2-8108-BA3DFE6AE3B7}.Release|x64.ActiveCfg = Release|x64
		{A95DC176-01EF-49D2-8108-BA3DFE6AE3B7}.Release|x64.Build.0 = Release|x64
		{A95DC176-01EF-49D2-8108-BA3DFE6AE3B7}.Release|x86.ActiveCfg = Release|Win32
		{A95DC176-01EF-49D2-8108-BA3DFE6AE3B7}.Release|x86.Build.0 = Release|Win32
	EndGlobalSection
	GlobalSection(SolutionProperties) = preSolution
		HideSolutionNode = FALSE
	EndGlobalSection
	GlobalSection(ExtensibilityGlobals) = postSolution
		SolutionGuid = {5049B6EF-2985-48A8-A04F-E78F814E06E0}
	EndGlobalSection
EndGlobal
